
Microsoft Visual Studio Solution File, Format Version 12.00
# Visual Studio Version 16
VisualStudioVersion = 16.0.30907.101
MinimumVisualStudioVersion = 10.0.40219.1
Project("{FAE04EC0-301F-11D3-BF4B-00C04F79EFBC}") = "Prepinac", "Prepinac\Prepinac.csproj", "{36482FB1-1C56-46AF-A98F-5E89EAE28CB7}"
EndProject
Global
	GlobalSection(SolutionConfigurationPlatforms) = preSolution
		Debug|Any CPU = Debug|Any CPU
		Release|Any CPU = Release|Any CPU
	EndGlobalSection
	GlobalSection(ProjectConfigurationPlatforms) = postSolution
		{36482FB1-1C56-46AF-A98F-5E89EAE28CB7}.Debug|Any CPU.ActiveCfg = Debug|Any CPU
		{36482FB1-1C56-46AF-A98F-5E89EAE28CB7}.Debug|Any CPU.Build.0 = Debug|Any CPU
		{36482FB1-1C56-46AF-A98F-5E89EAE28CB7}.Release|Any CPU.ActiveCfg = Release|Any CPU
		{36482FB1-1C56-46AF-A98F-5E89EAE28CB7}.Release|Any CPU.Build.0 = Release|Any CPU
	EndGlobalSection
	GlobalSection(SolutionProperties) = preSolution
		HideSolutionNode = FALSE
	EndGlobalSection
	GlobalSection(ExtensibilityGlobals) = postSolution
		SolutionGuid = {B422CD2C-49CD-40B8-BAD4-D09012773593}
	EndGlobalSection
EndGlobal
